// !$*UTF8*$!
{
	archiveVersion = 1;
	classes = {
	};
	objectVersion = 56;
	objects = {

/* Begin PBXBuildFile section */
		A045534A29E983990027B559 /* AppDelegate.swift in Sources */ = {isa = PBXBuildFile; fileRef = A045534929E983990027B559 /* AppDelegate.swift */; };
		A045534C29E983990027B559 /* ContentView.swift in Sources */ = {isa = PBXBuildFile; fileRef = A045534B29E983990027B559 /* ContentView.swift */; };
		A045534E29E983990027B559 /* Experience.rcproject in Sources */ = {isa = PBXBuildFile; fileRef = A045534D29E983990027B559 /* Experience.rcproject */; };
		A045535029E9839A0027B559 /* Assets.xcassets in Resources */ = {isa = PBXBuildFile; fileRef = A045534F29E9839A0027B559 /* Assets.xcassets */; };
		A045535329E9839A0027B559 /* Preview Assets.xcassets in Resources */ = {isa = PBXBuildFile; fileRef = A045535229E9839A0027B559 /* Preview Assets.xcassets */; };
		A045535D29E9839A0027B559 /* AaronTests.swift in Sources */ = {isa = PBXBuildFile; fileRef = A045535C29E9839A0027B559 /* AaronTests.swift */; };
		A045536729E9839A0027B559 /* AaronUITests.swift in Sources */ = {isa = PBXBuildFile; fileRef = A045536629E9839A0027B559 /* AaronUITests.swift */; };
		A045536929E9839A0027B559 /* AaronUITestsLaunchTests.swift in Sources */ = {isa = PBXBuildFile; fileRef = A045536829E9839A0027B559 /* AaronUITestsLaunchTests.swift */; };
		A045537629E98CA00027B559 /* Crewmate.dae in Resources */ = {isa = PBXBuildFile; fileRef = A045537529E98CA00027B559 /* Crewmate.dae */; };
		A04E1F4229EFBFA800FD0213 /* glass3.usdz in Resources */ = {isa = PBXBuildFile; fileRef = A04E1F4129EFBFA800FD0213 /* glass3.usdz */; };
		A04E1F4429EFC24900FD0213 /* SceneDelegate.swift in Sources */ = {isa = PBXBuildFile; fileRef = A04E1F4329EFC24900FD0213 /* SceneDelegate.swift */; };
		A04E1F4629EFC2CD00FD0213 /* tabletest.usdz in Resources */ = {isa = PBXBuildFile; fileRef = A04E1F4529EFC2CD00FD0213 /* tabletest.usdz */; };
		A04E1F4829EFC66700FD0213 /* overlay.png in Resources */ = {isa = PBXBuildFile; fileRef = A04E1F4729EFC66600FD0213 /* overlay.png */; };
/* End PBXBuildFile section */

/* Begin PBXContainerItemProxy section */
		A045535929E9839A0027B559 /* PBXContainerItemProxy */ = {
			isa = PBXContainerItemProxy;
			containerPortal = A045533E29E983980027B559 /* Project object */;
			proxyType = 1;
			remoteGlobalIDString = A045534529E983990027B559;
			remoteInfo = Aaron;
		};
		A045536329E9839A0027B559 /* PBXContainerItemProxy */ = {
			isa = PBXContainerItemProxy;
			containerPortal = A045533E29E983980027B559 /* Project object */;
			proxyType = 1;
			remoteGlobalIDString = A045534529E983990027B559;
			remoteInfo = Aaron;
		};
/* End PBXContainerItemProxy section */

/* Begin PBXFileReference section */
		A045534629E983990027B559 /* Aaron.app */ = {isa = PBXFileReference; explicitFileType = wrapper.application; includeInIndex = 0; path = Aaron.app; sourceTree = BUILT_PRODUCTS_DIR; };
		A045534929E983990027B559 /* AppDelegate.swift */ = {isa = PBXFileReference; lastKnownFileType = sourcecode.swift; path = AppDelegate.swift; sourceTree = "<group>"; };
		A045534B29E983990027B559 /* ContentView.swift */ = {isa = PBXFileReference; lastKnownFileType = sourcecode.swift; path = ContentView.swift; sourceTree = "<group>"; };
		A045534D29E983990027B559 /* Experience.rcproject */ = {isa = PBXFileReference; lastKnownFileType = file.rcproject; path = Experience.rcproject; sourceTree = "<group>"; };
		A045534F29E9839A0027B559 /* Assets.xcassets */ = {isa = PBXFileReference; lastKnownFileType = folder.assetcatalog; path = Assets.xcassets; sourceTree = "<group>"; };
		A045535229E9839A0027B559 /* Preview Assets.xcassets */ = {isa = PBXFileReference; lastKnownFileType = folder.assetcatalog; path = "Preview Assets.xcassets"; sourceTree = "<group>"; };
		A045535829E9839A0027B559 /* AaronTests.xctest */ = {isa = PBXFileReference; explicitFileType = wrapper.cfbundle; includeInIndex = 0; path = AaronTests.xctest; sourceTree = BUILT_PRODUCTS_DIR; };
		A045535C29E9839A0027B559 /* AaronTests.swift */ = {isa = PBXFileReference; lastKnownFileType = sourcecode.swift; path = AaronTests.swift; sourceTree = "<group>"; };
		A045536229E9839A0027B559 /* AaronUITests.xctest */ = {isa = PBXFileReference; explicitFileType = wrapper.cfbundle; includeInIndex = 0; path = AaronUITests.xctest; sourceTree = BUILT_PRODUCTS_DIR; };
		A045536629E9839A0027B559 /* AaronUITests.swift */ = {isa = PBXFileReference; lastKnownFileType = sourcecode.swift; path = AaronUITests.swift; sourceTree = "<group>"; };
		A045536829E9839A0027B559 /* AaronUITestsLaunchTests.swift */ = {isa = PBXFileReference; lastKnownFileType = sourcecode.swift; path = AaronUITestsLaunchTests.swift; sourceTree = "<group>"; };
		A045537529E98CA00027B559 /* Crewmate.dae */ = {isa = PBXFileReference; fileEncoding = 4; lastKnownFileType = text.xml.dae; path = Crewmate.dae; sourceTree = "<group>"; };
		A04E1F4129EFBFA800FD0213 /* glass3.usdz */ = {isa = PBXFileReference; lastKnownFileType = file.usdz; path = glass3.usdz; sourceTree = "<group>"; };
		A04E1F4329EFC24900FD0213 /* SceneDelegate.swift */ = {isa = PBXFileReference; lastKnownFileType = sourcecode.swift; path = SceneDelegate.swift; sourceTree = "<group>"; };
		A04E1F4529EFC2CD00FD0213 /* tabletest.usdz */ = {isa = PBXFileReference; lastKnownFileType = file.usdz; path = tabletest.usdz; sourceTree = "<group>"; };
		A04E1F4729EFC66600FD0213 /* overlay.png */ = {isa = PBXFileReference; lastKnownFileType = image.png; path = overlay.png; sourceTree = "<group>"; };
/* End PBXFileReference section */

/* Begin PBXFrameworksBuildPhase section */
		A045534329E983990027B559 /* Frameworks */ = {
			isa = PBXFrameworksBuildPhase;
			buildActionMask = 2147483647;
			files = (
			);
			runOnlyForDeploymentPostprocessing = 0;
		};
		A045535529E9839A0027B559 /* Frameworks */ = {
			isa = PBXFrameworksBuildPhase;
			buildActionMask = 2147483647;
			files = (
			);
			runOnlyForDeploymentPostprocessing = 0;
		};
		A045535F29E9839A0027B559 /* Frameworks */ = {
			isa = PBXFrameworksBuildPhase;
			buildActionMask = 2147483647;
			files = (
			);
			runOnlyForDeploymentPostprocessing = 0;
		};
/* End PBXFrameworksBuildPhase section */

/* Begin PBXGroup section */
		A045533D29E983980027B559 = {
			isa = PBXGroup;
			children = (
				A045534829E983990027B559 /* Aaron */,
				A045535B29E9839A0027B559 /* AaronTests */,
				A045536529E9839A0027B559 /* AaronUITests */,
				A045534729E983990027B559 /* Products */,
			);
			sourceTree = "<group>";
		};
		A045534729E983990027B559 /* Products */ = {
			isa = PBXGroup;
			children = (
				A045534629E983990027B559 /* Aaron.app */,
				A045535829E9839A0027B559 /* AaronTests.xctest */,
				A045536229E9839A0027B559 /* AaronUITests.xctest */,
			);
			name = Products;
			sourceTree = "<group>";
		};
		A045534829E983990027B559 /* Aaron */ = {
			isa = PBXGroup;
			children = (
				A04E1F4329EFC24900FD0213 /* SceneDelegate.swift */,
				A045534929E983990027B559 /* AppDelegate.swift */,
				A04E1F4529EFC2CD00FD0213 /* tabletest.usdz */,
				A045537529E98CA00027B559 /* Crewmate.dae */,
				A04E1F4129EFBFA800FD0213 /* glass3.usdz */,
				A04E1F4729EFC66600FD0213 /* overlay.png */,
				A045534B29E983990027B559 /* ContentView.swift */,
				A045534D29E983990027B559 /* Experience.rcproject */,
				A045534F29E9839A0027B559 /* Assets.xcassets */,
				A045535129E9839A0027B559 /* Preview Content */,
			);
			path = Aaron;
			sourceTree = "<group>";
		};
		A045535129E9839A0027B559 /* Preview Content */ = {
			isa = PBXGroup;
			children = (
				A045535229E9839A0027B559 /* Preview Assets.xcassets */,
			);
			path = "Preview Content";
			sourceTree = "<group>";
		};
		A045535B29E9839A0027B559 /* AaronTests */ = {
			isa = PBXGroup;
			children = (
				A045535C29E9839A0027B559 /* AaronTests.swift */,
			);
			path = AaronTests;
			sourceTree = "<group>";
		};
		A045536529E9839A0027B559 /* AaronUITests */ = {
			isa = PBXGroup;
			children = (
				A045536629E9839A0027B559 /* AaronUITests.swift */,
				A045536829E9839A0027B559 /* AaronUITestsLaunchTests.swift */,
			);
			path = AaronUITests;
			sourceTree = "<group>";
		};
/* End PBXGroup section */

/* Begin PBXNativeTarget section */
		A045534529E983990027B559 /* Aaron */ = {
			isa = PBXNativeTarget;
			buildConfigurationList = A045536C29E9839A0027B559 /* Build configuration list for PBXNativeTarget "Aaron" */;
			buildPhases = (
				A045534229E983990027B559 /* Sources */,
				A045534329E983990027B559 /* Frameworks */,
				A045534429E983990027B559 /* Resources */,
			);
			buildRules = (
			);
			dependencies = (
			);
			name = Aaron;
			productName = Aaron;
			productReference = A045534629E983990027B559 /* Aaron.app */;
			productType = "com.apple.product-type.application";
		};
		A045535729E9839A0027B559 /* AaronTests */ = {
			isa = PBXNativeTarget;
			buildConfigurationList = A045536F29E9839A0027B559 /* Build configuration list for PBXNativeTarget "AaronTests" */;
			buildPhases = (
				A045535429E9839A0027B559 /* Sources */,
				A045535529E9839A0027B559 /* Frameworks */,
				A045535629E9839A0027B559 /* Resources */,
			);
			buildRules = (
			);
			dependencies = (
				A045535A29E9839A0027B559 /* PBXTargetDependency */,
			);
			name = AaronTests;
			productName = AaronTests;
			productReference = A045535829E9839A0027B559 /* AaronTests.xctest */;
			productType = "com.apple.product-type.bundle.unit-test";
		};
		A045536129E9839A0027B559 /* AaronUITests */ = {
			isa = PBXNativeTarget;
			buildConfigurationList = A045537229E9839A0027B559 /* Build configuration list for PBXNativeTarget "AaronUITests" */;
			buildPhases = (
				A045535E29E9839A0027B559 /* Sources */,
				A045535F29E9839A0027B559 /* Frameworks */,
				A045536029E9839A0027B559 /* Resources */,
			);
			buildRules = (
			);
			dependencies = (
				A045536429E9839A0027B559 /* PBXTargetDependency */,
			);
			name = AaronUITests;
			productName = AaronUITests;
			productReference = A045536229E9839A0027B559 /* AaronUITests.xctest */;
			productType = "com.apple.product-type.bundle.ui-testing";
		};
/* End PBXNativeTarget section */

/* Begin PBXProject section */
		A045533E29E983980027B559 /* Project object */ = {
			isa = PBXProject;
			attributes = {
				BuildIndependentTargetsInParallel = 1;
				LastSwiftUpdateCheck = 1420;
				LastUpgradeCheck = 1420;
				TargetAttributes = {
					A045534529E983990027B559 = {
						CreatedOnToolsVersion = 14.2;
					};
					A045535729E9839A0027B559 = {
						CreatedOnToolsVersion = 14.2;
						TestTargetID = A045534529E983990027B559;
					};
					A045536129E9839A0027B559 = {
						CreatedOnToolsVersion = 14.2;
						TestTargetID = A045534529E983990027B559;
					};
				};
			};
			buildConfigurationList = A045534129E983980027B559 /* Build configuration list for PBXProject "Aaron" */;
			compatibilityVersion = "Xcode 14.0";
			developmentRegion = en;
			hasScannedForEncodings = 0;
			knownRegions = (
				en,
				Base,
			);
			mainGroup = A045533D29E983980027B559;
			productRefGroup = A045534729E983990027B559 /* Products */;
			projectDirPath = "";
			projectRoot = "";
			targets = (
				A045534529E983990027B559 /* Aaron */,
				A045535729E9839A0027B559 /* AaronTests */,
				A045536129E9839A0027B559 /* AaronUITests */,
			);
		};
/* End PBXProject section */

/* Begin PBXResourcesBuildPhase section */
		A045534429E983990027B559 /* Resources */ = {
			isa = PBXResourcesBuildPhase;
			buildActionMask = 2147483647;
			files = (
				A04E1F4829EFC66700FD0213 /* overlay.png in Resources */,
				A04E1F4229EFBFA800FD0213 /* glass3.usdz in Resources */,
				A045537629E98CA00027B559 /* Crewmate.dae in Resources */,
				A045535329E9839A0027B559 /* Preview Assets.xcassets in Resources */,
				A045535029E9839A0027B559 /* Assets.xcassets in Resources */,
				A04E1F4629EFC2CD00FD0213 /* tabletest.usdz in Resources */,
			);
			runOnlyForDeploymentPostprocessing = 0;
		};
		A045535629E9839A0027B559 /* Resources */ = {
			isa = PBXResourcesBuildPhase;
			buildActionMask = 2147483647;
			files = (
			);
			runOnlyForDeploymentPostprocessing = 0;
		};
		A045536029E9839A0027B559 /* Resources */ = {
			isa = PBXResourcesBuildPhase;
			buildActionMask = 2147483647;
			files = (
			);
			runOnlyForDeploymentPostprocessing = 0;
		};
/* End PBXResourcesBuildPhase section */

/* Begin PBXSourcesBuildPhase section */
		A045534229E983990027B559 /* Sources */ = {
			isa = PBXSourcesBuildPhase;
			buildActionMask = 2147483647;
			files = (
				A045534C29E983990027B559 /* ContentView.swift in Sources */,
				A045534A29E983990027B559 /* AppDelegate.swift in Sources */,
				A045534E29E983990027B559 /* Experience.rcproject in Sources */,
				A04E1F4429EFC24900FD0213 /* SceneDelegate.swift in Sources */,
			);
			runOnlyForDeploymentPostprocessing = 0;
		};
		A045535429E9839A0027B559 /* Sources */ = {
			isa = PBXSourcesBuildPhase;
			buildActionMask = 2147483647;
			files = (
				A045535D29E9839A0027B559 /* AaronTests.swift in Sources */,
			);
			runOnlyForDeploymentPostprocessing = 0;
		};
		A045535E29E9839A0027B559 /* Sources */ = {
			isa = PBXSourcesBuildPhase;
			buildActionMask = 2147483647;
			files = (
				A045536929E9839A0027B559 /* AaronUITestsLaunchTests.swift in Sources */,
				A045536729E9839A0027B559 /* AaronUITests.swift in Sources */,
			);
			runOnlyForDeploymentPostprocessing = 0;
		};
/* End PBXSourcesBuildPhase section */

/* Begin PBXTargetDependency section */
		A045535A29E9839A0027B559 /* PBXTargetDependency */ = {
			isa = PBXTargetDependency;
			target = A045534529E983990027B559 /* Aaron */;
			targetProxy = A045535929E9839A0027B559 /* PBXContainerItemProxy */;
		};
		A045536429E9839A0027B559 /* PBXTargetDependency */ = {
			isa = PBXTargetDependency;
			target = A045534529E983990027B559 /* Aaron */;
			targetProxy = A045536329E9839A0027B559 /* PBXContainerItemProxy */;
		};
/* End PBXTargetDependency section */

/* Begin XCBuildConfiguration section */
		A045536A29E9839A0027B559 /* Debug */ = {
			isa = XCBuildConfiguration;
			buildSettings = {
				ALWAYS_SEARCH_USER_PATHS = NO;
				CLANG_ANALYZER_NONNULL = YES;
				CLANG_ANALYZER_NUMBER_OBJECT_CONVERSION = YES_AGGRESSIVE;
				CLANG_CXX_LANGUAGE_STANDARD = "gnu++20";
				CLANG_ENABLE_MODULES = YES;
				CLANG_ENABLE_OBJC_ARC = YES;
				CLANG_ENABLE_OBJC_WEAK = YES;
				CLANG_WARN_BLOCK_CAPTURE_AUTORELEASING = YES;
				CLANG_WARN_BOOL_CONVERSION = YES;
				CLANG_WARN_COMMA = YES;
				CLANG_WARN_CONSTANT_CONVERSION = YES;
				CLANG_WARN_DEPRECATED_OBJC_IMPLEMENTATIONS = YES;
				CLANG_WARN_DIRECT_OBJC_ISA_USAGE = YES_ERROR;
				CLANG_WARN_DOCUMENTATION_COMMENTS = YES;
				CLANG_WARN_EMPTY_BODY = YES;
				CLANG_WARN_ENUM_CONVERSION = YES;
				CLANG_WARN_INFINITE_RECURSION = YES;
				CLANG_WARN_INT_CONVERSION = YES;
				CLANG_WARN_NON_LITERAL_NULL_CONVERSION = YES;
				CLANG_WARN_OBJC_IMPLICIT_RETAIN_SELF = YES;
				CLANG_WARN_OBJC_LITERAL_CONVERSION = YES;
				CLANG_WARN_OBJC_ROOT_CLASS = YES_ERROR;
				CLANG_WARN_QUOTED_INCLUDE_IN_FRAMEWORK_HEADER = YES;
				CLANG_WARN_RANGE_LOOP_ANALYSIS = YES;
				CLANG_WARN_STRICT_PROTOTYPES = YES;
				CLANG_WARN_SUSPICIOUS_MOVE = YES;
				CLANG_WARN_UNGUARDED_AVAILABILITY = YES_AGGRESSIVE;
				CLANG_WARN_UNREACHABLE_CODE = YES;
				CLANG_WARN__DUPLICATE_METHOD_MATCH = YES;
				COPY_PHASE_STRIP = NO;
				DEBUG_INFORMATION_FORMAT = dwarf;
				ENABLE_STRICT_OBJC_MSGSEND = YES;
				ENABLE_TESTABILITY = YES;
				GCC_C_LANGUAGE_STANDARD = gnu11;
				GCC_DYNAMIC_NO_PIC = NO;
				GCC_NO_COMMON_BLOCKS = YES;
				GCC_OPTIMIZATION_LEVEL = 0;
				GCC_PREPROCESSOR_DEFINITIONS = (
					"DEBUG=1",
					"$(inherited)",
				);
				GCC_WARN_64_TO_32_BIT_CONVERSION = YES;
				GCC_WARN_ABOUT_RETURN_TYPE = YES_ERROR;
				GCC_WARN_UNDECLARED_SELECTOR = YES;
				GCC_WARN_UNINITIALIZED_AUTOS = YES_AGGRESSIVE;
				GCC_WARN_UNUSED_FUNCTION = YES;
				GCC_WARN_UNUSED_VARIABLE = YES;
				IPHONEOS_DEPLOYMENT_TARGET = 16.2;
				MTL_ENABLE_DEBUG_INFO = INCLUDE_SOURCE;
				MTL_FAST_MATH = YES;
				ONLY_ACTIVE_ARCH = YES;
				SDKROOT = iphoneos;
				SWIFT_ACTIVE_COMPILATION_CONDITIONS = DEBUG;
				SWIFT_OPTIMIZATION_LEVEL = "-Onone";
			};
			name = Debug;
		};
		A045536B29E9839A0027B559 /* Release */ = {
			isa = XCBuildConfiguration;
			buildSettings = {
				ALWAYS_SEARCH_USER_PATHS = NO;
				CLANG_ANALYZER_NONNULL = YES;
				CLANG_ANALYZER_NUMBER_OBJECT_CONVERSION = YES_AGGRESSIVE;
				CLANG_CXX_LANGUAGE_STANDARD = "gnu++20";
				CLANG_ENABLE_MODULES = YES;
				CLANG_ENABLE_OBJC_ARC = YES;
				CLANG_ENABLE_OBJC_WEAK = YES;
				CLANG_WARN_BLOCK_CAPTURE_AUTORELEASING = YES;
				CLANG_WARN_BOOL_CONVERSION = YES;
				CLANG_WARN_COMMA = YES;
				CLANG_WARN_CONSTANT_CONVERSION = YES;
				CLANG_WARN_DEPRECATED_OBJC_IMPLEMENTATIONS = YES;
				CLANG_WARN_DIRECT_OBJC_ISA_USAGE = YES_ERROR;
				CLANG_WARN_DOCUMENTATION_COMMENTS = YES;
				CLANG_WARN_EMPTY_BODY = YES;
				CLANG_WARN_ENUM_CONVERSION = YES;
				CLANG_WARN_INFINITE_RECURSION = YES;
				CLANG_WARN_INT_CONVERSION = YES;
				CLANG_WARN_NON_LITERAL_NULL_CONVERSION = YES;
				CLANG_WARN_OBJC_IMPLICIT_RETAIN_SELF = YES;
				CLANG_WARN_OBJC_LITERAL_CONVERSION = YES;
				CLANG_WARN_OBJC_ROOT_CLASS = YES_ERROR;
				CLANG_WARN_QUOTED_INCLUDE_IN_FRAMEWORK_HEADER = YES;
				CLANG_WARN_RANGE_LOOP_ANALYSIS = YES;
				CLANG_WARN_STRICT_PROTOTYPES = YES;
				CLANG_WARN_SUSPICIOUS_MOVE = YES;
				CLANG_WARN_UNGUARDED_AVAILABILITY = YES_AGGRESSIVE;
				CLANG_WARN_UNREACHABLE_CODE = YES;
				CLANG_WARN__DUPLICATE_METHOD_MATCH = YES;
				COPY_PHASE_STRIP = NO;
				DEBUG_INFORMATION_FORMAT = "dwarf-with-dsym";
				ENABLE_NS_ASSERTIONS = NO;
				ENABLE_STRICT_OBJC_MSGSEND = YES;
				GCC_C_LANGUAGE_STANDARD = gnu11;
				GCC_NO_COMMON_BLOCKS = YES;
				GCC_WARN_64_TO_32_BIT_CONVERSION = YES;
				GCC_WARN_ABOUT_RETURN_TYPE = YES_ERROR;
				GCC_WARN_UNDECLARED_SELECTOR = YES;
				GCC_WARN_UNINITIALIZED_AUTOS = YES_AGGRESSIVE;
				GCC_WARN_UNUSED_FUNCTION = YES;
				GCC_WARN_UNUSED_VARIABLE = YES;
				IPHONEOS_DEPLOYMENT_TARGET = 16.2;
				MTL_ENABLE_DEBUG_INFO = NO;
				MTL_FAST_MATH = YES;
				SDKROOT = iphoneos;
				SWIFT_COMPILATION_MODE = wholemodule;
				SWIFT_OPTIMIZATION_LEVEL = "-O";
				VALIDATE_PRODUCT = YES;
			};
			name = Release;
		};
		A045536D29E9839A0027B559 /* Debug */ = {
			isa = XCBuildConfiguration;
			buildSettings = {
				ASSETCATALOG_COMPILER_APPICON_NAME = AppIcon;
				ASSETCATALOG_COMPILER_GLOBAL_ACCENT_COLOR_NAME = AccentColor;
				CODE_SIGN_STYLE = Automatic;
				CURRENT_PROJECT_VERSION = 1;
				DEVELOPMENT_ASSET_PATHS = "\"Aaron/Preview Content\"";
				DEVELOPMENT_TEAM = NP76UH8NZG;
				ENABLE_PREVIEWS = YES;
				GENERATE_INFOPLIST_FILE = YES;
				INFOPLIST_KEY_NSCameraUsageDescription = "";
				INFOPLIST_KEY_UIApplicationSupportsIndirectInputEvents = YES;
				INFOPLIST_KEY_UILaunchScreen_Generation = YES;
				INFOPLIST_KEY_UIRequiredDeviceCapabilities = arkit;
				INFOPLIST_KEY_UIStatusBarHidden = YES;
				INFOPLIST_KEY_UISupportedInterfaceOrientations_iPad = "UIInterfaceOrientationPortrait UIInterfaceOrientationPortraitUpsideDown UIInterfaceOrientationLandscapeLeft UIInterfaceOrientationLandscapeRight";
				INFOPLIST_KEY_UISupportedInterfaceOrientations_iPhone = "UIInterfaceOrientationPortrait UIInterfaceOrientationLandscapeLeft UIInterfaceOrientationLandscapeRight";
				LD_RUNPATH_SEARCH_PATHS = (
					"$(inherited)",
					"@executable_path/Frameworks",
				);
				MARKETING_VERSION = 1.0;
				PRODUCT_BUNDLE_IDENTIFIER = aaron.Aaronaaa;
				PRODUCT_NAME = "$(TARGET_NAME)";
				SWIFT_EMIT_LOC_STRINGS = YES;
				SWIFT_VERSION = 5.0;
				TARGETED_DEVICE_FAMILY = "1,2";
			};
			name = Debug;
		};
		A045536E29E9839A0027B559 /* Release */ = {
			isa = XCBuildConfiguration;
			buildSettings = {
				ASSETCATALOG_COMPILER_APPICON_NAME = AppIcon;
				ASSETCATALOG_COMPILER_GLOBAL_ACCENT_COLOR_NAME = AccentColor;
				CODE_SIGN_STYLE = Automatic;
				CURRENT_PROJECT_VERSION = 1;
				DEVELOPMENT_ASSET_PATHS = "\"Aaron/Preview Content\"";
				DEVELOPMENT_TEAM = NP76UH8NZG;
				ENABLE_PREVIEWS = YES;
				GENERATE_INFOPLIST_FILE = YES;
				INFOPLIST_KEY_NSCameraUsageDescription = "";
				INFOPLIST_KEY_UIApplicationSupportsIndirectInputEvents = YES;
				INFOPLIST_KEY_UILaunchScreen_Generation = YES;
				INFOPLIST_KEY_UIRequiredDeviceCapabilities = arkit;
				INFOPLIST_KEY_UIStatusBarHidden = YES;
				INFOPLIST_KEY_UISupportedInterfaceOrientations_iPad = "UIInterfaceOrientationPortrait UIInterfaceOrientationPortraitUpsideDown UIInterfaceOrientationLandscapeLeft UIInterfaceOrientationLandscapeRight";
				INFOPLIST_KEY_UISupportedInterfaceOrientations_iPhone = "UIInterfaceOrientationPortrait UIInterfaceOrientationLandscapeLeft UIInterfaceOrientationLandscapeRight";
				LD_RUNPATH_SEARCH_PATHS = (
					"$(inherited)",
					"@executable_path/Frameworks",
				);
				MARKETING_VERSION = 1.0;
				PRODUCT_BUNDLE_IDENTIFIER = aaron.Aaronaaa;
				PRODUCT_NAME = "$(TARGET_NAME)";
				SWIFT_EMIT_LOC_STRINGS = YES;
				SWIFT_VERSION = 5.0;
				TARGETED_DEVICE_FAMILY = "1,2";
			};
			name = Release;
		};
		A045537029E9839A0027B559 /* Debug */ = {
			isa = XCBuildConfiguration;
			buildSettings = {
				ALWAYS_EMBED_SWIFT_STANDARD_LIBRARIES = YES;
				BUNDLE_LOADER = "$(TEST_HOST)";
				CODE_SIGN_STYLE = Automatic;
				CURRENT_PROJECT_VERSION = 1;
				GENERATE_INFOPLIST_FILE = YES;
				IPHONEOS_DEPLOYMENT_TARGET = 16.2;
				MARKETING_VERSION = 1.0;
				PRODUCT_BUNDLE_IDENTIFIER = aaron.AaronTests;
				PRODUCT_NAME = "$(TARGET_NAME)";
				SWIFT_EMIT_LOC_STRINGS = NO;
				SWIFT_VERSION = 5.0;
				TARGETED_DEVICE_FAMILY = "1,2";
				TEST_HOST = "$(BUILT_PRODUCTS_DIR)/Aaron.app/$(BUNDLE_EXECUTABLE_FOLDER_PATH)/Aaron";
			};
			name = Debug;
		};
		A045537129E9839A0027B559 /* Release */ = {
			isa = XCBuildConfiguration;
			buildSettings = {
				ALWAYS_EMBED_SWIFT_STANDARD_LIBRARIES = YES;
				BUNDLE_LOADER = "$(TEST_HOST)";
				CODE_SIGN_STYLE = Automatic;
				CURRENT_PROJECT_VERSION = 1;
				GENERATE_INFOPLIST_FILE = YES;
				IPHONEOS_DEPLOYMENT_TARGET = 16.2;
				MARKETING_VERSION = 1.0;
				PRODUCT_BUNDLE_IDENTIFIER = aaron.AaronTests;
				PRODUCT_NAME = "$(TARGET_NAME)";
				SWIFT_EMIT_LOC_STRINGS = NO;
				SWIFT_VERSION = 5.0;
				TARGETED_DEVICE_FAMILY = "1,2";
				TEST_HOST = "$(BUILT_PRODUCTS_DIR)/Aaron.app/$(BUNDLE_EXECUTABLE_FOLDER_PATH)/Aaron";
			};
			name = Release;
		};
		A045537329E9839A0027B559 /* Debug */ = {
			isa = XCBuildConfiguration;
			buildSettings = {
				ALWAYS_EMBED_SWIFT_STANDARD_LIBRARIES = YES;
				CODE_SIGN_STYLE = Automatic;
				CURRENT_PROJECT_VERSION = 1;
				GENERATE_INFOPLIST_FILE = YES;
				MARKETING_VERSION = 1.0;
				PRODUCT_BUNDLE_IDENTIFIER = aaron.AaronUITests;
				PRODUCT_NAME = "$(TARGET_NAME)";
				SWIFT_EMIT_LOC_STRINGS = NO;
				SWIFT_VERSION = 5.0;
				TARGETED_DEVICE_FAMILY = "1,2";
				TEST_TARGET_NAME = Aaron;
			};
			name = Debug;
		};
		A045537429E9839A0027B559 /* Release */ = {
			isa = XCBuildConfiguration;
			buildSettings = {
				ALWAYS_EMBED_SWIFT_STANDARD_LIBRARIES = YES;
				CODE_SIGN_STYLE = Automatic;
				CURRENT_PROJECT_VERSION = 1;
				GENERATE_INFOPLIST_FILE = YES;
				MARKETING_VERSION = 1.0;
				PRODUCT_BUNDLE_IDENTIFIER = aaron.AaronUITests;
				PRODUCT_NAME = "$(TARGET_NAME)";
				SWIFT_EMIT_LOC_STRINGS = NO;
				SWIFT_VERSION = 5.0;
				TARGETED_DEVICE_FAMILY = "1,2";
				TEST_TARGET_NAME = Aaron;
			};
			name = Release;
		};
/* End XCBuildConfiguration section */

/* Begin XCConfigurationList section */
		A045534129E983980027B559 /* Build configuration list for PBXProject "Aaron" */ = {
			isa = XCConfigurationList;
			buildConfigurations = (
				A045536A29E9839A0027B559 /* Debug */,
				A045536B29E9839A0027B559 /* Release */,
			);
			defaultConfigurationIsVisible = 0;
			defaultConfigurationName = Release;
		};
		A045536C29E9839A0027B559 /* Build configuration list for PBXNativeTarget "Aaron" */ = {
			isa = XCConfigurationList;
			buildConfigurations = (
				A045536D29E9839A0027B559 /* Debug */,
				A045536E29E9839A0027B559 /* Release */,
			);
			defaultConfigurationIsVisible = 0;
			defaultConfigurationName = Release;
		};
		A045536F29E9839A0027B559 /* Build configuration list for PBXNativeTarget "AaronTests" */ = {
			isa = XCConfigurationList;
			buildConfigurations = (
				A045537029E9839A0027B559 /* Debug */,
				A045537129E9839A0027B559 /* Release */,
			);
			defaultConfigurationIsVisible = 0;
			defaultConfigurationName = Release;
		};
		A045537229E9839A0027B559 /* Build configuration list for PBXNativeTarget "AaronUITests" */ = {
			isa = XCConfigurationList;
			buildConfigurations = (
				A045537329E9839A0027B559 /* Debug */,
				A045537429E9839A0027B559 /* Release */,
			);
			defaultConfigurationIsVisible = 0;
			defaultConfigurationName = Release;
		};
/* End XCConfigurationList section */
	};
	rootObject = A045533E29E983980027B559 /* Project object */;
}
